
Microsoft Visual Studio Solution File, Format Version 12.00
# Visual Studio Version 16
VisualStudioVersion = 16.0.34931.43
MinimumVisualStudioVersion = 10.0.40219.1
Project("{E24C65DC-7377-472B-9ABA-BC803B73C61A}") = "WCF", "WCF\", "{BE58CE61-FB39-42B3-815C-3472DDA87F16}"
	ProjectSection(WebsiteProperties) = preProject
		TargetFrameworkMoniker = ".NETFramework,Version%3Dv4.7.2"
		Debug.AspNetCompiler.VirtualPath = "/localhost_55162"
		Debug.AspNetCompiler.PhysicalPath = "WCF\"
		Debug.AspNetCompiler.TargetPath = "PrecompiledWeb\localhost_55162\"
		Debug.AspNetCompiler.Updateable = "true"
		Debug.AspNetCompiler.ForceOverwrite = "true"
		Debug.AspNetCompiler.FixedNames = "false"
		Debug.AspNetCompiler.Debug = "True"
		Release.AspNetCompiler.VirtualPath = "/localhost_55162"
		Release.AspNetCompiler.PhysicalPath = "WCF\"
		Release.AspNetCompiler.TargetPath = "PrecompiledWeb\localhost_55162\"
		Release.AspNetCompiler.Updateable = "true"
		Release.AspNetCompiler.ForceOverwrite = "true"
		Release.AspNetCompiler.FixedNames = "false"
		Release.AspNetCompiler.Debug = "False"
		VWDPort = "55162"
		SlnRelativePath = "WCF\"
		DefaultWebSiteLanguage = "Visual C#"
	EndProjectSection
EndProject
Global
	GlobalSection(SolutionConfigurationPlatforms) = preSolution
		Debug|Any CPU = Debug|Any CPU
	EndGlobalSection
	GlobalSection(ProjectConfigurationPlatforms) = postSolution
		{BE58CE61-FB39-42B3-815C-3472DDA87F16}.Debug|Any CPU.ActiveCfg = Debug|Any CPU
		{BE58CE61-FB39-42B3-815C-3472DDA87F16}.Debug|Any CPU.Build.0 = Debug|Any CPU
	EndGlobalSection
	GlobalSection(SolutionProperties) = preSolution
		HideSolutionNode = FALSE
	EndGlobalSection
	GlobalSection(ExtensibilityGlobals) = postSolution
		SolutionGuid = {4E40C1A6-7A7E-43CA-BD9F-672B70458ED0}
	EndGlobalSection
EndGlobal
